
Microsoft Visual Studio Solution File, Format Version 12.00
# Visual Studio Version 17
VisualStudioVersion = 17.7.34202.233
MinimumVisualStudioVersion = 10.0.40219.1
Project("{9A19103F-16F7-4668-BE54-9A1E7A4F7556}") = "Buoi01", "Buoi1\Buoi01.csproj", "{5954628B-E88A-492D-948C-09947DD6C18B}"
EndProject
Project("{9A19103F-16F7-4668-BE54-9A1E7A4F7556}") = "Buoi02", "Buoi2\Buoi02.csproj", "{62128EDB-CC0C-4DFE-AE41-D70D34A68130}"
EndProject
Project("{9A19103F-16F7-4668-BE54-9A1E7A4F7556}") = "Buoi0304", "Buoi03\Buoi0304.csproj", "{FEE53633-1264-4606-82E2-CC01A52F63FC}"
EndProject
Project("{9A19103F-16F7-4668-BE54-9A1E7A4F7556}") = "Buoi05", "Buoi05\Buoi05.csproj", "{A55F82A8-A24C-4E12-9646-59A7E28C5404}"
EndProject
Project("{FAE04EC0-301F-11D3-BF4B-00C04F79EFBC}") = "Buoi06", "Buoi06\Buoi06.csproj", "{26C6A1C9-DA4E-411F-AC4C-559049A9172F}"
EndProject
Global
	GlobalSection(SolutionConfigurationPlatforms) = preSolution
		Debug|Any CPU = Debug|Any CPU
		Release|Any CPU = Release|Any CPU
	EndGlobalSection
	GlobalSection(ProjectConfigurationPlatforms) = postSolution
		{5954628B-E88A-492D-948C-09947DD6C18B}.Debug|Any CPU.ActiveCfg = Debug|Any CPU
		{5954628B-E88A-492D-948C-09947DD6C18B}.Debug|Any CPU.Build.0 = Debug|Any CPU
		{5954628B-E88A-492D-948C-09947DD6C18B}.Release|Any CPU.ActiveCfg = Release|Any CPU
		{5954628B-E88A-492D-948C-09947DD6C18B}.Release|Any CPU.Build.0 = Release|Any CPU
		{62128EDB-CC0C-4DFE-AE41-D70D34A68130}.Debug|Any CPU.ActiveCfg = Debug|Any CPU
		{62128EDB-CC0C-4DFE-AE41-D70D34A68130}.Debug|Any CPU.Build.0 = Debug|Any CPU
		{62128EDB-CC0C-4DFE-AE41-D70D34A68130}.Release|Any CPU.ActiveCfg = Release|Any CPU
		{62128EDB-CC0C-4DFE-AE41-D70D34A68130}.Release|Any CPU.Build.0 = Release|Any CPU
		{FEE53633-1264-4606-82E2-CC01A52F63FC}.Debug|Any CPU.ActiveCfg = Debug|Any CPU
		{FEE53633-1264-4606-82E2-CC01A52F63FC}.Debug|Any CPU.Build.0 = Debug|Any CPU
		{FEE53633-1264-4606-82E2-CC01A52F63FC}.Release|Any CPU.ActiveCfg = Release|Any CPU
		{FEE53633-1264-4606-82E2-CC01A52F63FC}.Release|Any CPU.Build.0 = Release|Any CPU
		{A55F82A8-A24C-4E12-9646-59A7E28C5404}.Debug|Any CPU.ActiveCfg = Debug|Any CPU
		{A55F82A8-A24C-4E12-9646-59A7E28C5404}.Debug|Any CPU.Build.0 = Debug|Any CPU
		{A55F82A8-A24C-4E12-9646-59A7E28C5404}.Release|Any CPU.ActiveCfg = Release|Any CPU
		{A55F82A8-A24C-4E12-9646-59A7E28C5404}.Release|Any CPU.Build.0 = Release|Any CPU
		{26C6A1C9-DA4E-411F-AC4C-559049A9172F}.Debug|Any CPU.ActiveCfg = Debug|Any CPU
		{26C6A1C9-DA4E-411F-AC4C-559049A9172F}.Debug|Any CPU.Build.0 = Debug|Any CPU
		{26C6A1C9-DA4E-411F-AC4C-559049A9172F}.Release|Any CPU.ActiveCfg = Release|Any CPU
		{26C6A1C9-DA4E-411F-AC4C-559049A9172F}.Release|Any CPU.Build.0 = Release|Any CPU
	EndGlobalSection
	GlobalSection(SolutionProperties) = preSolution
		HideSolutionNode = FALSE
	EndGlobalSection
	GlobalSection(ExtensibilityGlobals) = postSolution
		SolutionGuid = {D7FDCD2E-4931-413B-B9C0-8CA9928FEECD}
	EndGlobalSection
EndGlobal
